
Microsoft Visual Studio Solution File, Format Version 12.00
# Visual Studio Version 16
VisualStudioVersion = 16.0.30204.135
MinimumVisualStudioVersion = 10.0.40219.1
Project("{FAE04EC0-301F-11D3-BF4B-00C04F79EFBC}") = "MaiCourseWork", "MaiCourseWork\MaiCourseWork.csproj", "{D1045D2D-F9E9-4ECA-B432-6A0792D1846F}"
EndProject
Global
	GlobalSection(SolutionConfigurationPlatforms) = preSolution
		Debug|Any CPU = Debug|Any CPU
		Release|Any CPU = Release|Any CPU
	EndGlobalSection
	GlobalSection(ProjectConfigurationPlatforms) = postSolution
		{D1045D2D-F9E9-4ECA-B432-6A0792D1846F}.Debug|Any CPU.ActiveCfg = Debug|Any CPU
		{D1045D2D-F9E9-4ECA-B432-6A0792D1846F}.Debug|Any CPU.Build.0 = Debug|Any CPU
		{D1045D2D-F9E9-4ECA-B432-6A0792D1846F}.Release|Any CPU.ActiveCfg = Release|Any CPU
		{D1045D2D-F9E9-4ECA-B432-6A0792D1846F}.Release|Any CPU.Build.0 = Release|Any CPU
	EndGlobalSection
	GlobalSection(SolutionProperties) = preSolution
		HideSolutionNode = FALSE
	EndGlobalSection
	GlobalSection(ExtensibilityGlobals) = postSolution
		SolutionGuid = {D936D310-DE2F-44A9-93CE-31F8635838A6}
	EndGlobalSection
EndGlobal
